// !$*UTF8*$!
{
	archiveVersion = 1;
	classes = {
	};
	objectVersion = 56;
	objects = {

/* Begin PBXBuildFile section */
		2C42715E2C6F60DD00B99417 /* TestApp.swift in Sources */ = {isa = PBXBuildFile; fileRef = 2C42715D2C6F60DD00B99417 /* TestApp.swift */; };
		2C4271622C6F60DE00B99417 /* Assets.xcassets in Resources */ = {isa = PBXBuildFile; fileRef = 2C4271612C6F60DE00B99417 /* Assets.xcassets */; };
		2C4271652C6F60DE00B99417 /* Preview Assets.xcassets in Resources */ = {isa = PBXBuildFile; fileRef = 2C4271642C6F60DE00B99417 /* Preview Assets.xcassets */; };
		2C42716D2C6F60ED00B99417 /* Stinsen in Frameworks */ = {isa = PBXBuildFile; productRef = 2C42716C2C6F60ED00B99417 /* Stinsen */; };
		2C4271742C6F612400B99417 /* MainView.swift in Sources */ = {isa = PBXBuildFile; fileRef = 2C4271732C6F612400B99417 /* MainView.swift */; };
		2C4271762C6F613A00B99417 /* Settings.swift in Sources */ = {isa = PBXBuildFile; fileRef = 2C4271752C6F613A00B99417 /* Settings.swift */; };
		2C4271792C6F615F00B99417 /* SettingsView.swift in Sources */ = {isa = PBXBuildFile; fileRef = 2C4271782C6F615F00B99417 /* SettingsView.swift */; };
		2C42717B2C6F616800B99417 /* BaseCoordinator.swift in Sources */ = {isa = PBXBuildFile; fileRef = 2C42717A2C6F616800B99417 /* BaseCoordinator.swift */; };
		2C42717D2C6F618200B99417 /* MainCoordinator.swift in Sources */ = {isa = PBXBuildFile; fileRef = 2C42717C2C6F618200B99417 /* MainCoordinator.swift */; };
		2C42717F2C6F61E400B99417 /* MainViewModel.swift in Sources */ = {isa = PBXBuildFile; fileRef = 2C42717E2C6F61E400B99417 /* MainViewModel.swift */; };
		2C4271812C6F61FA00B99417 /* MainRouterView.swift in Sources */ = {isa = PBXBuildFile; fileRef = 2C4271802C6F61FA00B99417 /* MainRouterView.swift */; };
/* End PBXBuildFile section */

/* Begin PBXFileReference section */
		2C42715A2C6F60DD00B99417 /* Test.app */ = {isa = PBXFileReference; explicitFileType = wrapper.application; includeInIndex = 0; path = Test.app; sourceTree = BUILT_PRODUCTS_DIR; };
		2C42715D2C6F60DD00B99417 /* TestApp.swift */ = {isa = PBXFileReference; lastKnownFileType = sourcecode.swift; path = TestApp.swift; sourceTree = "<group>"; };
		2C4271612C6F60DE00B99417 /* Assets.xcassets */ = {isa = PBXFileReference; lastKnownFileType = folder.assetcatalog; path = Assets.xcassets; sourceTree = "<group>"; };
		2C4271642C6F60DE00B99417 /* Preview Assets.xcassets */ = {isa = PBXFileReference; lastKnownFileType = folder.assetcatalog; path = "Preview Assets.xcassets"; sourceTree = "<group>"; };
		2C4271732C6F612400B99417 /* MainView.swift */ = {isa = PBXFileReference; lastKnownFileType = sourcecode.swift; path = MainView.swift; sourceTree = "<group>"; };
		2C4271752C6F613A00B99417 /* Settings.swift */ = {isa = PBXFileReference; lastKnownFileType = sourcecode.swift; path = Settings.swift; sourceTree = "<group>"; };
		2C4271782C6F615F00B99417 /* SettingsView.swift */ = {isa = PBXFileReference; lastKnownFileType = sourcecode.swift; path = SettingsView.swift; sourceTree = "<group>"; };
		2C42717A2C6F616800B99417 /* BaseCoordinator.swift */ = {isa = PBXFileReference; lastKnownFileType = sourcecode.swift; path = BaseCoordinator.swift; sourceTree = "<group>"; };
		2C42717C2C6F618200B99417 /* MainCoordinator.swift */ = {isa = PBXFileReference; lastKnownFileType = sourcecode.swift; path = MainCoordinator.swift; sourceTree = "<group>"; };
		2C42717E2C6F61E400B99417 /* MainViewModel.swift */ = {isa = PBXFileReference; lastKnownFileType = sourcecode.swift; path = MainViewModel.swift; sourceTree = "<group>"; };
		2C4271802C6F61FA00B99417 /* MainRouterView.swift */ = {isa = PBXFileReference; lastKnownFileType = sourcecode.swift; path = MainRouterView.swift; sourceTree = "<group>"; };
/* End PBXFileReference section */

/* Begin PBXFrameworksBuildPhase section */
		2C4271572C6F60DD00B99417 /* Frameworks */ = {
			isa = PBXFrameworksBuildPhase;
			buildActionMask = 2147483647;
			files = (
				2C42716D2C6F60ED00B99417 /* Stinsen in Frameworks */,
			);
			runOnlyForDeploymentPostprocessing = 0;
		};
/* End PBXFrameworksBuildPhase section */

/* Begin PBXGroup section */
		2C4271512C6F60DD00B99417 = {
			isa = PBXGroup;
			children = (
				2C42715C2C6F60DD00B99417 /* Test */,
				2C42715B2C6F60DD00B99417 /* Products */,
			);
			sourceTree = "<group>";
		};
		2C42715B2C6F60DD00B99417 /* Products */ = {
			isa = PBXGroup;
			children = (
				2C42715A2C6F60DD00B99417 /* Test.app */,
			);
			name = Products;
			sourceTree = "<group>";
		};
		2C42715C2C6F60DD00B99417 /* Test */ = {
			isa = PBXGroup;
			children = (
				2C4271712C6F610900B99417 /* Service */,
				2C4271702C6F610200B99417 /* Features */,
				2C42716F2C6F60FC00B99417 /* Coordinators */,
				2C42716E2C6F60F100B99417 /* App */,
				2C4271612C6F60DE00B99417 /* Assets.xcassets */,
				2C4271632C6F60DE00B99417 /* Preview Content */,
			);
			path = Test;
			sourceTree = "<group>";
		};
		2C4271632C6F60DE00B99417 /* Preview Content */ = {
			isa = PBXGroup;
			children = (
				2C4271642C6F60DE00B99417 /* Preview Assets.xcassets */,
			);
			path = "Preview Content";
			sourceTree = "<group>";
		};
		2C42716E2C6F60F100B99417 /* App */ = {
			isa = PBXGroup;
			children = (
				2C42715D2C6F60DD00B99417 /* TestApp.swift */,
			);
			path = App;
			sourceTree = "<group>";
		};
		2C42716F2C6F60FC00B99417 /* Coordinators */ = {
			isa = PBXGroup;
			children = (
				2C42717A2C6F616800B99417 /* BaseCoordinator.swift */,
				2C42717C2C6F618200B99417 /* MainCoordinator.swift */,
			);
			path = Coordinators;
			sourceTree = "<group>";
		};
		2C4271702C6F610200B99417 /* Features */ = {
			isa = PBXGroup;
			children = (
				2C4271772C6F615000B99417 /* Settings */,
				2C4271722C6F611000B99417 /* Main */,
			);
			path = Features;
			sourceTree = "<group>";
		};
		2C4271712C6F610900B99417 /* Service */ = {
			isa = PBXGroup;
			children = (
				2C4271752C6F613A00B99417 /* Settings.swift */,
			);
			path = Service;
			sourceTree = "<group>";
		};
		2C4271722C6F611000B99417 /* Main */ = {
			isa = PBXGroup;
			children = (
				2C4271732C6F612400B99417 /* MainView.swift */,
				2C42717E2C6F61E400B99417 /* MainViewModel.swift */,
				2C4271802C6F61FA00B99417 /* MainRouterView.swift */,
			);
			path = Main;
			sourceTree = "<group>";
		};
		2C4271772C6F615000B99417 /* Settings */ = {
			isa = PBXGroup;
			children = (
				2C4271782C6F615F00B99417 /* SettingsView.swift */,
			);
			path = Settings;
			sourceTree = "<group>";
		};
/* End PBXGroup section */

/* Begin PBXNativeTarget section */
		2C4271592C6F60DD00B99417 /* Test */ = {
			isa = PBXNativeTarget;
			buildConfigurationList = 2C4271682C6F60DE00B99417 /* Build configuration list for PBXNativeTarget "Test" */;
			buildPhases = (
				2C4271562C6F60DD00B99417 /* Sources */,
				2C4271572C6F60DD00B99417 /* Frameworks */,
				2C4271582C6F60DD00B99417 /* Resources */,
			);
			buildRules = (
			);
			dependencies = (
			);
			name = Test;
			packageProductDependencies = (
				2C42716C2C6F60ED00B99417 /* Stinsen */,
			);
			productName = Test;
			productReference = 2C42715A2C6F60DD00B99417 /* Test.app */;
			productType = "com.apple.product-type.application";
		};
/* End PBXNativeTarget section */

/* Begin PBXProject section */
		2C4271522C6F60DD00B99417 /* Project object */ = {
			isa = PBXProject;
			attributes = {
				BuildIndependentTargetsInParallel = 1;
				LastSwiftUpdateCheck = 1520;
				LastUpgradeCheck = 1520;
				TargetAttributes = {
					2C4271592C6F60DD00B99417 = {
						CreatedOnToolsVersion = 15.2;
					};
				};
			};
			buildConfigurationList = 2C4271552C6F60DD00B99417 /* Build configuration list for PBXProject "Test" */;
			compatibilityVersion = "Xcode 14.0";
			developmentRegion = en;
			hasScannedForEncodings = 0;
			knownRegions = (
				en,
				Base,
			);
			mainGroup = 2C4271512C6F60DD00B99417;
			packageReferences = (
				2C42716B2C6F60ED00B99417 /* XCRemoteSwiftPackageReference "stinsen" */,
			);
			productRefGroup = 2C42715B2C6F60DD00B99417 /* Products */;
			projectDirPath = "";
			projectRoot = "";
			targets = (
				2C4271592C6F60DD00B99417 /* Test */,
			);
		};
/* End PBXProject section */

/* Begin PBXResourcesBuildPhase section */
		2C4271582C6F60DD00B99417 /* Resources */ = {
			isa = PBXResourcesBuildPhase;
			buildActionMask = 2147483647;
			files = (
				2C4271652C6F60DE00B99417 /* Preview Assets.xcassets in Resources */,
				2C4271622C6F60DE00B99417 /* Assets.xcassets in Resources */,
			);
			runOnlyForDeploymentPostprocessing = 0;
		};
/* End PBXResourcesBuildPhase section */

/* Begin PBXSourcesBuildPhase section */
		2C4271562C6F60DD00B99417 /* Sources */ = {
			isa = PBXSourcesBuildPhase;
			buildActionMask = 2147483647;
			files = (
				2C4271812C6F61FA00B99417 /* MainRouterView.swift in Sources */,
				2C42717F2C6F61E400B99417 /* MainViewModel.swift in Sources */,
				2C42717B2C6F616800B99417 /* BaseCoordinator.swift in Sources */,
				2C42717D2C6F618200B99417 /* MainCoordinator.swift in Sources */,
				2C4271762C6F613A00B99417 /* Settings.swift in Sources */,
				2C4271792C6F615F00B99417 /* SettingsView.swift in Sources */,
				2C42715E2C6F60DD00B99417 /* TestApp.swift in Sources */,
				2C4271742C6F612400B99417 /* MainView.swift in Sources */,
			);
			runOnlyForDeploymentPostprocessing = 0;
		};
/* End PBXSourcesBuildPhase section */

/* Begin XCBuildConfiguration section */
		2C4271662C6F60DE00B99417 /* Debug */ = {
			isa = XCBuildConfiguration;
			buildSettings = {
				ALWAYS_SEARCH_USER_PATHS = NO;
				ASSETCATALOG_COMPILER_GENERATE_SWIFT_ASSET_SYMBOL_EXTENSIONS = YES;
				CLANG_ANALYZER_NONNULL = YES;
				CLANG_ANALYZER_NUMBER_OBJECT_CONVERSION = YES_AGGRESSIVE;
				CLANG_CXX_LANGUAGE_STANDARD = "gnu++20";
				CLANG_ENABLE_MODULES = YES;
				CLANG_ENABLE_OBJC_ARC = YES;
				CLANG_ENABLE_OBJC_WEAK = YES;
				CLANG_WARN_BLOCK_CAPTURE_AUTORELEASING = YES;
				CLANG_WARN_BOOL_CONVERSION = YES;
				CLANG_WARN_COMMA = YES;
				CLANG_WARN_CONSTANT_CONVERSION = YES;
				CLANG_WARN_DEPRECATED_OBJC_IMPLEMENTATIONS = YES;
				CLANG_WARN_DIRECT_OBJC_ISA_USAGE = YES_ERROR;
				CLANG_WARN_DOCUMENTATION_COMMENTS = YES;
				CLANG_WARN_EMPTY_BODY = YES;
				CLANG_WARN_ENUM_CONVERSION = YES;
				CLANG_WARN_INFINITE_RECURSION = YES;
				CLANG_WARN_INT_CONVERSION = YES;
				CLANG_WARN_NON_LITERAL_NULL_CONVERSION = YES;
				CLANG_WARN_OBJC_IMPLICIT_RETAIN_SELF = YES;
				CLANG_WARN_OBJC_LITERAL_CONVERSION = YES;
				CLANG_WARN_OBJC_ROOT_CLASS = YES_ERROR;
				CLANG_WARN_QUOTED_INCLUDE_IN_FRAMEWORK_HEADER = YES;
				CLANG_WARN_RANGE_LOOP_ANALYSIS = YES;
				CLANG_WARN_STRICT_PROTOTYPES = YES;
				CLANG_WARN_SUSPICIOUS_MOVE = YES;
				CLANG_WARN_UNGUARDED_AVAILABILITY = YES_AGGRESSIVE;
				CLANG_WARN_UNREACHABLE_CODE = YES;
				CLANG_WARN__DUPLICATE_METHOD_MATCH = YES;
				COPY_PHASE_STRIP = NO;
				DEBUG_INFORMATION_FORMAT = dwarf;
				ENABLE_STRICT_OBJC_MSGSEND = YES;
				ENABLE_TESTABILITY = YES;
				ENABLE_USER_SCRIPT_SANDBOXING = YES;
				GCC_C_LANGUAGE_STANDARD = gnu17;
				GCC_DYNAMIC_NO_PIC = NO;
				GCC_NO_COMMON_BLOCKS = YES;
				GCC_OPTIMIZATION_LEVEL = 0;
				GCC_PREPROCESSOR_DEFINITIONS = (
					"DEBUG=1",
					"$(inherited)",
				);
				GCC_WARN_64_TO_32_BIT_CONVERSION = YES;
				GCC_WARN_ABOUT_RETURN_TYPE = YES_ERROR;
				GCC_WARN_UNDECLARED_SELECTOR = YES;
				GCC_WARN_UNINITIALIZED_AUTOS = YES_AGGRESSIVE;
				GCC_WARN_UNUSED_FUNCTION = YES;
				GCC_WARN_UNUSED_VARIABLE = YES;
				IPHONEOS_DEPLOYMENT_TARGET = 15.0;
				LOCALIZATION_PREFERS_STRING_CATALOGS = YES;
				MTL_ENABLE_DEBUG_INFO = INCLUDE_SOURCE;
				MTL_FAST_MATH = YES;
				ONLY_ACTIVE_ARCH = YES;
				SDKROOT = iphoneos;
				SWIFT_ACTIVE_COMPILATION_CONDITIONS = "DEBUG $(inherited)";
				SWIFT_OPTIMIZATION_LEVEL = "-Onone";
			};
			name = Debug;
		};
		2C4271672C6F60DE00B99417 /* Release */ = {
			isa = XCBuildConfiguration;
			buildSettings = {
				ALWAYS_SEARCH_USER_PATHS = NO;
				ASSETCATALOG_COMPILER_GENERATE_SWIFT_ASSET_SYMBOL_EXTENSIONS = YES;
				CLANG_ANALYZER_NONNULL = YES;
				CLANG_ANALYZER_NUMBER_OBJECT_CONVERSION = YES_AGGRESSIVE;
				CLANG_CXX_LANGUAGE_STANDARD = "gnu++20";
				CLANG_ENABLE_MODULES = YES;
				CLANG_ENABLE_OBJC_ARC = YES;
				CLANG_ENABLE_OBJC_WEAK = YES;
				CLANG_WARN_BLOCK_CAPTURE_AUTORELEASING = YES;
				CLANG_WARN_BOOL_CONVERSION = YES;
				CLANG_WARN_COMMA = YES;
				CLANG_WARN_CONSTANT_CONVERSION = YES;
				CLANG_WARN_DEPRECATED_OBJC_IMPLEMENTATIONS = YES;
				CLANG_WARN_DIRECT_OBJC_ISA_USAGE = YES_ERROR;
				CLANG_WARN_DOCUMENTATION_COMMENTS = YES;
				CLANG_WARN_EMPTY_BODY = YES;
				CLANG_WARN_ENUM_CONVERSION = YES;
				CLANG_WARN_INFINITE_RECURSION = YES;
				CLANG_WARN_INT_CONVERSION = YES;
				CLANG_WARN_NON_LITERAL_NULL_CONVERSION = YES;
				CLANG_WARN_OBJC_IMPLICIT_RETAIN_SELF = YES;
				CLANG_WARN_OBJC_LITERAL_CONVERSION = YES;
				CLANG_WARN_OBJC_ROOT_CLASS = YES_ERROR;
				CLANG_WARN_QUOTED_INCLUDE_IN_FRAMEWORK_HEADER = YES;
				CLANG_WARN_RANGE_LOOP_ANALYSIS = YES;
				CLANG_WARN_STRICT_PROTOTYPES = YES;
				CLANG_WARN_SUSPICIOUS_MOVE = YES;
				CLANG_WARN_UNGUARDED_AVAILABILITY = YES_AGGRESSIVE;
				CLANG_WARN_UNREACHABLE_CODE = YES;
				CLANG_WARN__DUPLICATE_METHOD_MATCH = YES;
				COPY_PHASE_STRIP = NO;
				DEBUG_INFORMATION_FORMAT = "dwarf-with-dsym";
				ENABLE_NS_ASSERTIONS = NO;
				ENABLE_STRICT_OBJC_MSGSEND = YES;
				ENABLE_USER_SCRIPT_SANDBOXING = YES;
				GCC_C_LANGUAGE_STANDARD = gnu17;
				GCC_NO_COMMON_BLOCKS = YES;
				GCC_WARN_64_TO_32_BIT_CONVERSION = YES;
				GCC_WARN_ABOUT_RETURN_TYPE = YES_ERROR;
				GCC_WARN_UNDECLARED_SELECTOR = YES;
				GCC_WARN_UNINITIALIZED_AUTOS = YES_AGGRESSIVE;
				GCC_WARN_UNUSED_FUNCTION = YES;
				GCC_WARN_UNUSED_VARIABLE = YES;
				IPHONEOS_DEPLOYMENT_TARGET = 15.0;
				LOCALIZATION_PREFERS_STRING_CATALOGS = YES;
				MTL_ENABLE_DEBUG_INFO = NO;
				MTL_FAST_MATH = YES;
				SDKROOT = iphoneos;
				SWIFT_COMPILATION_MODE = wholemodule;
				VALIDATE_PRODUCT = YES;
			};
			name = Release;
		};
		2C4271692C6F60DE00B99417 /* Debug */ = {
			isa = XCBuildConfiguration;
			buildSettings = {
				ASSETCATALOG_COMPILER_APPICON_NAME = AppIcon;
				ASSETCATALOG_COMPILER_GLOBAL_ACCENT_COLOR_NAME = AccentColor;
				CODE_SIGN_STYLE = Automatic;
				CURRENT_PROJECT_VERSION = 1;
				DEVELOPMENT_ASSET_PATHS = "\"Test/Preview Content\"";
				DEVELOPMENT_TEAM = 3U7F2TKHLN;
				ENABLE_PREVIEWS = YES;
				GENERATE_INFOPLIST_FILE = YES;
				INFOPLIST_KEY_UIApplicationSceneManifest_Generation = YES;
				INFOPLIST_KEY_UIApplicationSupportsIndirectInputEvents = YES;
				INFOPLIST_KEY_UILaunchScreen_Generation = YES;
				INFOPLIST_KEY_UISupportedInterfaceOrientations_iPad = "UIInterfaceOrientationPortrait UIInterfaceOrientationPortraitUpsideDown UIInterfaceOrientationLandscapeLeft UIInterfaceOrientationLandscapeRight";
				INFOPLIST_KEY_UISupportedInterfaceOrientations_iPhone = "UIInterfaceOrientationPortrait UIInterfaceOrientationLandscapeLeft UIInterfaceOrientationLandscapeRight";
				IPHONEOS_DEPLOYMENT_TARGET = 15.0;
				LD_RUNPATH_SEARCH_PATHS = (
					"$(inherited)",
					"@executable_path/Frameworks",
				);
				MARKETING_VERSION = 1.0;
				PRODUCT_BUNDLE_IDENTIFIER = com.martynenko.vadim.Test;
				PRODUCT_NAME = "$(TARGET_NAME)";
				SWIFT_EMIT_LOC_STRINGS = YES;
				SWIFT_VERSION = 5.0;
				TARGETED_DEVICE_FAMILY = "1,2";
			};
			name = Debug;
		};
		2C42716A2C6F60DE00B99417 /* Release */ = {
			isa = XCBuildConfiguration;
			buildSettings = {
				ASSETCATALOG_COMPILER_APPICON_NAME = AppIcon;
				ASSETCATALOG_COMPILER_GLOBAL_ACCENT_COLOR_NAME = AccentColor;
				CODE_SIGN_STYLE = Automatic;
				CURRENT_PROJECT_VERSION = 1;
				DEVELOPMENT_ASSET_PATHS = "\"Test/Preview Content\"";
				DEVELOPMENT_TEAM = 3U7F2TKHLN;
				ENABLE_PREVIEWS = YES;
				GENERATE_INFOPLIST_FILE = YES;
				INFOPLIST_KEY_UIApplicationSceneManifest_Generation = YES;
				INFOPLIST_KEY_UIApplicationSupportsIndirectInputEvents = YES;
				INFOPLIST_KEY_UILaunchScreen_Generation = YES;
				INFOPLIST_KEY_UISupportedInterfaceOrientations_iPad = "UIInterfaceOrientationPortrait UIInterfaceOrientationPortraitUpsideDown UIInterfaceOrientationLandscapeLeft UIInterfaceOrientationLandscapeRight";
				INFOPLIST_KEY_UISupportedInterfaceOrientations_iPhone = "UIInterfaceOrientationPortrait UIInterfaceOrientationLandscapeLeft UIInterfaceOrientationLandscapeRight";
				IPHONEOS_DEPLOYMENT_TARGET = 15.0;
				LD_RUNPATH_SEARCH_PATHS = (
					"$(inherited)",
					"@executable_path/Frameworks",
				);
				MARKETING_VERSION = 1.0;
				PRODUCT_BUNDLE_IDENTIFIER = com.martynenko.vadim.Test;
				PRODUCT_NAME = "$(TARGET_NAME)";
				SWIFT_EMIT_LOC_STRINGS = YES;
				SWIFT_VERSION = 5.0;
				TARGETED_DEVICE_FAMILY = "1,2";
			};
			name = Release;
		};
/* End XCBuildConfiguration section */

/* Begin XCConfigurationList section */
		2C4271552C6F60DD00B99417 /* Build configuration list for PBXProject "Test" */ = {
			isa = XCConfigurationList;
			buildConfigurations = (
				2C4271662C6F60DE00B99417 /* Debug */,
				2C4271672C6F60DE00B99417 /* Release */,
			);
			defaultConfigurationIsVisible = 0;
			defaultConfigurationName = Release;
		};
		2C4271682C6F60DE00B99417 /* Build configuration list for PBXNativeTarget "Test" */ = {
			isa = XCConfigurationList;
			buildConfigurations = (
				2C4271692C6F60DE00B99417 /* Debug */,
				2C42716A2C6F60DE00B99417 /* Release */,
			);
			defaultConfigurationIsVisible = 0;
			defaultConfigurationName = Release;
		};
/* End XCConfigurationList section */

/* Begin XCRemoteSwiftPackageReference section */
		2C42716B2C6F60ED00B99417 /* XCRemoteSwiftPackageReference "stinsen" */ = {
			isa = XCRemoteSwiftPackageReference;
			repositoryURL = "https://github.com/rundfunk47/stinsen.git";
			requirement = {
				kind = upToNextMajorVersion;
				minimumVersion = 2.0.13;
			};
		};
/* End XCRemoteSwiftPackageReference section */

/* Begin XCSwiftPackageProductDependency section */
		2C42716C2C6F60ED00B99417 /* Stinsen */ = {
			isa = XCSwiftPackageProductDependency;
			package = 2C42716B2C6F60ED00B99417 /* XCRemoteSwiftPackageReference "stinsen" */;
			productName = Stinsen;
		};
/* End XCSwiftPackageProductDependency section */
	};
	rootObject = 2C4271522C6F60DD00B99417 /* Project object */;
}
